Microsoft Visual Studio Solution File, Format Version 12.00
# Visual Studio Version 17
VisualStudioVersion = 17.5.2.0
MinimumVisualStudioVersion = 10.0.40219.1
Project("{FAE04EC0-301F-11D3-BF4B-00C04F79EFBC}") = "ConversorExpert", "ConversorExpert\ConversorExpert.csproj", "{B9481D19-717F-7EE7-20E2-50146F80C7B1}"
EndProject
Global
	GlobalSection(SolutionConfigurationPlatforms) = preSolution
		Debug|Any CPU = Debug|Any CPU
		Release|Any CPU = Release|Any CPU
	EndGlobalSection
	GlobalSection(ProjectConfigurationPlatforms) = postSolution
		{B9481D19-717F-7EE7-20E2-50146F80C7B1}.Debug|Any CPU.ActiveCfg = Debug|Any CPU
		{B9481D19-717F-7EE7-20E2-50146F80C7B1}.Debug|Any CPU.Build.0 = Debug|Any CPU
		{B9481D19-717F-7EE7-20E2-50146F80C7B1}.Release|Any CPU.ActiveCfg = Release|Any CPU
		{B9481D19-717F-7EE7-20E2-50146F80C7B1}.Release|Any CPU.Build.0 = Release|Any CPU
	EndGlobalSection
	GlobalSection(SolutionProperties) = preSolution
		HideSolutionNode = FALSE
	EndGlobalSection
	GlobalSection(ExtensibilityGlobals) = postSolution
		SolutionGuid = {92F6F80F-66B7-446C-969E-17E19204AC1D}
	EndGlobalSection
EndGlobal
